<?xml version="1.0" encoding="utf-8"?>
<Project ToolsVersion="4.0" xmlns="http://schemas.microsoft.com/developer/msbuild/2003">
  <ItemGroup>
    <Filter Include="ソース ファイル">
      <UniqueIdentifier>{4FC737F1-C7A5-4376-A066-2A32D752A2FF}</UniqueIdentifier>
      <Extensions>cpp;c;cc;cxx;def;odl;idl;hpj;bat;asm;asmx</Extensions>
    </Filter>
    <Filter Include="ヘッダー ファイル">
      <UniqueIdentifier>{93995380-89BD-4b04-88EB-625FBE52EBFB}</UniqueIdentifier>
      <Extensions>h;hh;hpp;hxx;hm;inl;inc;xsd</Extensions>
    </Filter>
    <Filter Include="リソース ファイル">
      <UniqueIdentifier>{67DA6AB6-F800-4c08-8B7A-83BB121AAD01}</UniqueIdentifier>
      <Extensions>rc;ico;cur;bmp;dlg;rc2;rct;bin;rgs;gif;jpg;jpeg;jpe;resx;tiff;tif;png;wav;mfcribbon-ms</Extensions>
    </Filter>
    <Filter Include="Base">
      <UniqueIdentifier>{416b920e-77e5-4716-9feb-c0acc6c3a3ef}</UniqueIdentifier>
    </Filter>
    <Filter Include="Button">
      <UniqueIdentifier>{965825f6-482d-4e7f-902b-c2ea09271325}</UniqueIdentifier>
    </Filter>
    <Filter Include="Camera">
      <UniqueIdentifier>{fc51c043-d48b-42d2-8fb2-399998af230e}</UniqueIdentifier>
    </Filter>
    <Filter Include="Collision">
      <UniqueIdentifier>{edfa4238-7ce6-4e02-88d6-6b7818a4346b}</UniqueIdentifier>
    </Filter>
    <Filter Include="duct">
      <UniqueIdentifier>{b2a895af-4ff7-4732-8362-6f94b76b80b6}</UniqueIdentifier>
    </Filter>
    <Filter Include="Input">
      <UniqueIdentifier>{49799a89-d21a-449a-bbdd-742a91d7fd85}</UniqueIdentifier>
    </Filter>
    <Filter Include="Item">
      <UniqueIdentifier>{54e63165-30fa-4dce-8cf6-04f64dbcf211}</UniqueIdentifier>
    </Filter>
    <Filter Include="Jailer">
      <UniqueIdentifier>{56d73ac2-9445-409b-af3c-7a73af3f5af3}</UniqueIdentifier>
    </Filter>
    <Filter Include="Mode">
      <UniqueIdentifier>{cd492a13-eb34-4fc2-ae27-3404dbba2580}</UniqueIdentifier>
    </Filter>
    <Filter Include="new map obj">
      <UniqueIdentifier>{5e87ba44-c5d9-40d8-8f41-6db04b6bb345}</UniqueIdentifier>
    </Filter>
    <Filter Include="Object">
      <UniqueIdentifier>{dd7031d7-a357-45dd-b571-85ef06b31a1e}</UniqueIdentifier>
    </Filter>
    <Filter Include="Player">
      <UniqueIdentifier>{967c21a8-cc8e-425b-a2cf-cc4b85918e87}</UniqueIdentifier>
    </Filter>
    <Filter Include="Resource">
      <UniqueIdentifier>{47b4383a-ea03-4681-9266-cfca2e477b20}</UniqueIdentifier>
    </Filter>
    <Filter Include="Texture">
      <UniqueIdentifier>{337cb9fc-2349-46a3-862f-2803d0ed80d1}</UniqueIdentifier>
    </Filter>
    <Filter Include="UI">
      <UniqueIdentifier>{8432217b-0f1d-4426-b6d0-390f8c38325b}</UniqueIdentifier>
    </Filter>
    <Filter Include="Object\Map_Floor">
      <UniqueIdentifier>{00ffe3c4-3c95-4219-9d89-46c8128c7954}</UniqueIdentifier>
    </Filter>
    <Filter Include="CaveatBar">
      <UniqueIdentifier>{2af707df-bc28-4349-9ede-558df381ef35}</UniqueIdentifier>
    </Filter>
  </ItemGroup>
  <ItemGroup>
    <ClCompile Include="button.cpp">
      <Filter>Button</Filter>
    </ClCompile>
    <ClCompile Include="button_back_to_title.cpp">
      <Filter>Button</Filter>
    </ClCompile>
    <ClCompile Include="button_exit.cpp">
      <Filter>Button</Filter>
    </ClCompile>
    <ClCompile Include="button_guid.cpp">
      <Filter>Button</Filter>
    </ClCompile>
    <ClCompile Include="button_quit_game.cpp">
      <Filter>Button</Filter>
    </ClCompile>
    <ClCompile Include="button_ranking.cpp">
      <Filter>Button</Filter>
    </ClCompile>
    <ClCompile Include="button_start.cpp">
      <Filter>Button</Filter>
    </ClCompile>
    <ClCompile Include="title_button_manager.cpp">
      <Filter>Button</Filter>
    </ClCompile>
    <ClCompile Include="pause_button_manager.cpp">
      <Filter>Button</Filter>
    </ClCompile>
    <ClCompile Include="camera.cpp">
      <Filter>Camera</Filter>
    </ClCompile>
    <ClCompile Include="camera_game.cpp">
      <Filter>Camera</Filter>
    </ClCompile>
    <ClCompile Include="Camera_Security.cpp">
      <Filter>Camera</Filter>
    </ClCompile>
    <ClCompile Include="camera_title.cpp">
      <Filter>Camera</Filter>
    </ClCompile>
    <ClCompile Include="baton_guid_texture.cpp">
      <Filter>Texture</Filter>
    </ClCompile>
    <ClCompile Include="baton_texture.cpp">
      <Filter>Texture</Filter>
    </ClCompile>
    <ClCompile Include="control_room_key_guid_texture.cpp">
      <Filter>Texture</Filter>
    </ClCompile>
    <ClCompile Include="control_room_key_texture.cpp">
      <Filter>Texture</Filter>
    </ClCompile>
    <ClCompile Include="electrical_room_key_guid_texture.cpp">
      <Filter>Texture</Filter>
    </ClCompile>
    <ClCompile Include="item_object.cpp">
      <Filter>Object</Filter>
    </ClCompile>
    <ClCompile Include="item_object_baton.cpp">
      <Filter>Object</Filter>
    </ClCompile>
    <ClCompile Include="item_object_control_room_key.cpp">
      <Filter>Object</Filter>
    </ClCompile>
    <ClCompile Include="item_object_electrical_room_key.cpp">
      <Filter>Object</Filter>
    </ClCompile>
    <ClCompile Include="item_object_jailer_room_key.cpp">
      <Filter>Object</Filter>
    </ClCompile>
    <ClCompile Include="item_object_map.cpp">
      <Filter>Object</Filter>
    </ClCompile>
    <ClCompile Include="item_object_pc_room_key.cpp">
      <Filter>Object</Filter>
    </ClCompile>
    <ClCompile Include="item_object_storage_key.cpp">
      <Filter>Object</Filter>
    </ClCompile>
    <ClCompile Include="jailer.cpp">
      <Filter>Jailer</Filter>
    </ClCompile>
    <ClCompile Include="jailer_AttackState.cpp">
      <Filter>Jailer</Filter>
    </ClCompile>
    <ClCompile Include="jailer_LostTargetState.cpp">
      <Filter>Jailer</Filter>
    </ClCompile>
    <ClCompile Include="jailer_return_routeState.cpp">
      <Filter>Jailer</Filter>
    </ClCompile>
    <ClCompile Include="jailer_spot.cpp">
      <Filter>Jailer</Filter>
    </ClCompile>
    <ClCompile Include="jailer_view.cpp">
      <Filter>Jailer</Filter>
    </ClCompile>
    <ClCompile Include="jalier_ChaseState.cpp">
      <Filter>Jailer</Filter>
    </ClCompile>
    <ClCompile Include="jalier_MoveState.cpp">
      <Filter>Jailer</Filter>
    </ClCompile>
    <ClCompile Include="ui_item_guid.cpp">
      <Filter>UI</Filter>
    </ClCompile>
    <ClCompile Include="ui_item_guid_1p.cpp">
      <Filter>UI</Filter>
    </ClCompile>
    <ClCompile Include="ui_item_guid_2p.cpp">
      <Filter>UI</Filter>
    </ClCompile>
    <ClCompile Include="ui_player_item.cpp">
      <Filter>UI</Filter>
    </ClCompile>
    <ClCompile Include="ui_player1_item.cpp">
      <Filter>UI</Filter>
    </ClCompile>
    <ClCompile Include="ui_player2_item.cpp">
      <Filter>UI</Filter>
    </ClCompile>
    <ClCompile Include="object.cpp">
      <Filter>Object</Filter>
    </ClCompile>
    <ClCompile Include="object_door.cpp">
      <Filter>Object</Filter>
    </ClCompile>
    <ClCompile Include="object_door_wall.cpp">
      <Filter>Object</Filter>
    </ClCompile>
    <ClCompile Include="object_iron_window_wall.cpp">
      <Filter>Object</Filter>
    </ClCompile>
    <ClCompile Include="object_keepout_wall.cpp">
      <Filter>Object</Filter>
    </ClCompile>
    <ClCompile Include="object_prison_door_left.cpp">
      <Filter>Object</Filter>
    </ClCompile>
    <ClCompile Include="object_prison_door_right.cpp">
      <Filter>Object</Filter>
    </ClCompile>
    <ClCompile Include="object_prison_wall.cpp">
      <Filter>Object</Filter>
    </ClCompile>
    <ClCompile Include="object_switch.cpp">
      <Filter>Object</Filter>
    </ClCompile>
    <ClCompile Include="object_switch_collision.cpp">
      <Filter>Object</Filter>
    </ClCompile>
    <ClCompile Include="object_wall.cpp">
      <Filter>Object</Filter>
    </ClCompile>
    <ClCompile Include="texture.cpp">
      <Filter>Resource</Filter>
    </ClCompile>
    <ClCompile Include="sound.cpp">
      <Filter>Resource</Filter>
    </ClCompile>
    <ClCompile Include="xfile.cpp">
      <Filter>Resource</Filter>
    </ClCompile>
    <ClCompile Include="tutorial.cpp">
      <Filter>Mode</Filter>
    </ClCompile>
    <ClCompile Include="title.cpp">
      <Filter>Mode</Filter>
    </ClCompile>
    <ClCompile Include="character_collision_box.cpp">
      <Filter>Collision</Filter>
    </ClCompile>
    <ClCompile Include="collision.cpp">
      <Filter>Collision</Filter>
    </ClCompile>
    <ClCompile Include="item_baton.cpp">
      <Filter>Item</Filter>
    </ClCompile>
    <ClCompile Include="item_control_room_key.cpp">
      <Filter>Item</Filter>
    </ClCompile>
    <ClCompile Include="item_jailer_room_key.cpp">
      <Filter>Item</Filter>
    </ClCompile>
    <ClCompile Include="item_map.cpp">
      <Filter>Item</Filter>
    </ClCompile>
    <ClCompile Include="item_pc_room_key.cpp">
      <Filter>Item</Filter>
    </ClCompile>
    <ClCompile Include="item_storage_key.cpp">
      <Filter>Item</Filter>
    </ClCompile>
    <ClCompile Include="ranking.cpp">
      <Filter>Mode</Filter>
    </ClCompile>
    <ClCompile Include="main.cpp">
      <Filter>Base</Filter>
    </ClCompile>
    <ClCompile Include="manager.cpp">
      <Filter>Base</Filter>
    </ClCompile>
    <ClCompile Include="map_guid_texture.cpp">
      <Filter>Texture</Filter>
    </ClCompile>
    <ClCompile Include="map_ui_texture.cpp">
      <Filter>Texture</Filter>
    </ClCompile>
    <ClCompile Include="map_texture.cpp">
      <Filter>Texture</Filter>
    </ClCompile>
    <ClCompile Include="pause_logo_texture.cpp">
      <Filter>Texture</Filter>
    </ClCompile>
    <ClCompile Include="pc_room_key_guid_texture.cpp">
      <Filter>Texture</Filter>
    </ClCompile>
    <ClCompile Include="pc_room_key_texture.cpp">
      <Filter>Texture</Filter>
    </ClCompile>
    <ClCompile Include="storage_key_guid_texture.cpp">
      <Filter>Texture</Filter>
    </ClCompile>
    <ClCompile Include="storage_key_texture.cpp">
      <Filter>Texture</Filter>
    </ClCompile>
    <ClCompile Include="control_room_door.cpp">
      <Filter>Object</Filter>
    </ClCompile>
    <ClCompile Include="control_room_door_collision.cpp">
      <Filter>Collision</Filter>
    </ClCompile>
    <ClCompile Include="door_collision.cpp">
      <Filter>Collision</Filter>
    </ClCompile>
    <ClCompile Include="door_wall_collision.cpp">
      <Filter>Collision</Filter>
    </ClCompile>
    <ClCompile Include="goal_area.cpp">
      <Filter>Object</Filter>
    </ClCompile>
    <ClCompile Include="mode_base.cpp">
      <Filter>Mode</Filter>
    </ClCompile>
    <ClCompile Include="mode_ranking.cpp">
      <Filter>Mode</Filter>
    </ClCompile>
    <ClCompile Include="prison_door_collision.cpp">
      <Filter>Collision</Filter>
    </ClCompile>
    <ClCompile Include="storage_door_collision.cpp">
      <Filter>Collision</Filter>
    </ClCompile>
    <ClCompile Include="guards_door_collision.cpp">
      <Filter>Collision</Filter>
    </ClCompile>
    <ClCompile Include="input.cpp">
      <Filter>Input</Filter>
    </ClCompile>
    <ClCompile Include="joypad.cpp">
      <Filter>Input</Filter>
    </ClCompile>
    <ClCompile Include="keyboard.cpp">
      <Filter>Input</Filter>
    </ClCompile>
    <ClCompile Include="prison_cell_door.cpp">
      <Filter>Object</Filter>
    </ClCompile>
    <ClCompile Include="resource_manager.cpp">
      <Filter>Resource</Filter>
    </ClCompile>
    <ClCompile Include="scene.cpp">
      <Filter>Base</Filter>
    </ClCompile>
    <ClCompile Include="scene_2d.cpp">
      <Filter>Base</Filter>
    </ClCompile>
    <ClCompile Include="scene_base.cpp">
      <Filter>Base</Filter>
    </ClCompile>
    <ClCompile Include="scene3d.cpp">
      <Filter>Base</Filter>
    </ClCompile>
    <ClCompile Include="billboard.cpp">
      <Filter>Base</Filter>
    </ClCompile>
    <ClCompile Include="fade.cpp">
      <Filter>Base</Filter>
    </ClCompile>
    <ClCompile Include="library.cpp">
      <Filter>Base</Filter>
    </ClCompile>
    <ClCompile Include="light.cpp">
      <Filter>Base</Filter>
    </ClCompile>
    <ClCompile Include="player.cpp">
      <Filter>Player</Filter>
    </ClCompile>
    <ClCompile Include="player_1.cpp">
      <Filter>Player</Filter>
    </ClCompile>
    <ClCompile Include="player_2.cpp">
      <Filter>Player</Filter>
    </ClCompile>
    <ClCompile Include="character.cpp">
      <Filter>Base</Filter>
    </ClCompile>
    <ClCompile Include="fan3d.cpp">
      <Filter>Jailer</Filter>
    </ClCompile>
    <ClCompile Include="Guage.cpp">
      <Filter>Texture</Filter>
    </ClCompile>
    <ClCompile Include="item.cpp">
      <Filter>Item</Filter>
    </ClCompile>
    <ClCompile Include="lever.cpp">
      <Filter>Object</Filter>
    </ClCompile>
    <ClCompile Include="lever_body.cpp">
      <Filter>Object</Filter>
    </ClCompile>
    <ClCompile Include="lever_handle.cpp">
      <Filter>Object</Filter>
    </ClCompile>
    <ClCompile Include="polygon.cpp">
      <Filter>Base</Filter>
    </ClCompile>
    <ClCompile Include="renderer.cpp">
      <Filter>Base</Filter>
    </ClCompile>
    <ClCompile Include="ranking_bg.cpp">
      <Filter>Mode</Filter>
    </ClCompile>
    <ClCompile Include="result.cpp">
      <Filter>Mode</Filter>
    </ClCompile>
    <ClCompile Include="model_collision_box.cpp">
      <Filter>Object</Filter>
    </ClCompile>
    <ClCompile Include="motion.cpp">
      <Filter>Resource</Filter>
    </ClCompile>
    <ClCompile Include="Movie.cpp">
      <Filter>Resource</Filter>
    </ClCompile>
    <ClCompile Include="model_anime.cpp">
      <Filter>Resource</Filter>
    </ClCompile>
    <ClCompile Include="model.cpp">
      <Filter>Resource</Filter>
    </ClCompile>
    <ClCompile Include="particle.cpp">
      <Filter>Resource</Filter>
    </ClCompile>
    <ClCompile Include="particle_emitter.cpp">
      <Filter>Resource</Filter>
    </ClCompile>
    <ClCompile Include="particle_manager.cpp">
      <Filter>Resource</Filter>
    </ClCompile>
    <ClCompile Include="Timer.cpp">
      <Filter>Texture</Filter>
    </ClCompile>
    <ClCompile Include="textlog.cpp">
      <Filter>Texture</Filter>
    </ClCompile>
    <ClCompile Include="logo_title.cpp">
      <Filter>Texture</Filter>
    </ClCompile>
    <ClCompile Include="Number.cpp">
      <Filter>Texture</Filter>
    </ClCompile>
    <ClCompile Include="Screenframe.cpp">
      <Filter>Texture</Filter>
    </ClCompile>
    <ClCompile Include="ui_flame_texture.cpp">
      <Filter>Texture</Filter>
    </ClCompile>
    <ClCompile Include="select_item_flame.cpp">
      <Filter>Texture</Filter>
    </ClCompile>
    <ClCompile Include="storage_door.cpp">
      <Filter>Object</Filter>
    </ClCompile>
    <ClCompile Include="map_spot.cpp">
      <Filter>Jailer</Filter>
    </ClCompile>
    <ClCompile Include="item_electrical_room_key.cpp">
      <Filter>Item</Filter>
    </ClCompile>
    <ClCompile Include="electrical_key_texture.cpp">
      <Filter>Texture</Filter>
    </ClCompile>
    <ClCompile Include="map1_texture.cpp">
      <Filter>Texture</Filter>
    </ClCompile>
    <ClCompile Include="map2_texture.cpp">
      <Filter>Texture</Filter>
    </ClCompile>
    <ClCompile Include="guid_bg.cpp">
      <Filter>Texture</Filter>
    </ClCompile>
    <ClCompile Include="jailer_key_texture.cpp">
      <Filter>Texture</Filter>
    </ClCompile>
    <ClCompile Include="jailer_key_guid_texture.cpp">
      <Filter>Texture</Filter>
    </ClCompile>
    <ClCompile Include="jailer_door_collision.cpp">
      <Filter>Collision</Filter>
    </ClCompile>
    <ClCompile Include="mode_gameover.cpp">
      <Filter>Mode</Filter>
    </ClCompile>
    <ClCompile Include="bg_pause.cpp">
      <Filter>Texture</Filter>
    </ClCompile>
    <ClCompile Include="bg_title.cpp">
      <Filter>Texture</Filter>
    </ClCompile>
    <ClCompile Include="bg_gameover.cpp">
      <Filter>Texture</Filter>
    </ClCompile>
    <ClCompile Include="duct_collision.cpp">
      <Filter>duct</Filter>
    </ClCompile>
    <ClCompile Include="object_wood_chair.cpp">
      <Filter>new map obj</Filter>
    </ClCompile>
    <ClCompile Include="object_wood_desk.cpp">
      <Filter>new map obj</Filter>
    </ClCompile>
    <ClCompile Include="object_metal_chair.cpp">
      <Filter>new map obj</Filter>
    </ClCompile>
    <ClCompile Include="object_metal_desk.cpp">
      <Filter>new map obj</Filter>
    </ClCompile>
    <ClCompile Include="object_wood_box.cpp">
      <Filter>new map obj</Filter>
    </ClCompile>
    <ClCompile Include="object_table.cpp">
      <Filter>new map obj</Filter>
    </ClCompile>
    <ClCompile Include="object_generator.cpp">
      <Filter>new map obj</Filter>
    </ClCompile>
    <ClCompile Include="object_window_wall.cpp">
      <Filter>new map obj</Filter>
    </ClCompile>
    <ClCompile Include="goal_door.cpp">
      <Filter>new map obj</Filter>
    </ClCompile>
    <ClCompile Include="camera_room_door.cpp" />
    <ClCompile Include="camera_room_door_collision.cpp" />
    <ClCompile Include="electrical_room_door.cpp" />
    <ClCompile Include="electrical_room_door_collision.cpp" />
    <ClCompile Include="fog.cpp" />
    <ClCompile Include="item_spawn.cpp" />
    <ClCompile Include="map.cpp" />
    <ClCompile Include="object_duct_wall.cpp" />
    <ClCompile Include="time.cpp" />
    <ClCompile Include="obb.cpp">
      <Filter>Collision</Filter>
    </ClCompile>
    <ClCompile Include="game.cpp">
      <Filter>Mode</Filter>
    </ClCompile>
    <ClCompile Include="mode_ranking_board.cpp">
      <Filter>Mode</Filter>
    </ClCompile>
    <ClCompile Include="black_fill_polygon.cpp">
      <Filter>Object\Map_Floor</Filter>
    </ClCompile>
    <ClCompile Include="floor.cpp">
      <Filter>Object\Map_Floor</Filter>
    </ClCompile>
    <ClCompile Include="floor2.cpp">
      <Filter>Object\Map_Floor</Filter>
    </ClCompile>
    <ClCompile Include="floor3.cpp">
      <Filter>Object\Map_Floor</Filter>
    </ClCompile>
    <ClCompile Include="floor4.cpp">
      <Filter>Object\Map_Floor</Filter>
    </ClCompile>
    <ClCompile Include="bookbox.cpp">
      <Filter>new map obj</Filter>
    </ClCompile>
    <ClCompile Include="pc_desk.cpp">
      <Filter>new map obj</Filter>
    </ClCompile>
    <ClCompile Include="locker.cpp">
      <Filter>new map obj</Filter>
    </ClCompile>
    <ClCompile Include="game.cpp">
      <Filter>Mode</Filter>
    </ClCompile>
    <ClCompile Include="bg_black_texture.cpp">
      <Filter>Texture</Filter>
    </ClCompile>
    <ClCompile Include="mode_clear_time.cpp">
      <Filter>Mode</Filter>
    </ClCompile>
    <ClCompile Include="clear_time_bg.cpp">
      <Filter>Mode</Filter>
    </ClCompile>
    <ClCompile Include="jailer_emotion.cpp">
      <Filter>Jailer</Filter>
    </ClCompile>
    <ClCompile Include="security_camera_collision.cpp">
      <Filter>Collision</Filter>
    </ClCompile>
    <ClCompile Include="jailer_door.cpp">
      <Filter>Jailer</Filter>
    </ClCompile>
    <ClCompile Include="caveatmark.cpp">
      <Filter>ソース ファイル</Filter>
    </ClCompile>
    <ClCompile Include="lever_manager.cpp">
      <Filter>new map obj</Filter>
    </ClCompile>
    <ClCompile Include="player_action_ui.cpp">
      <Filter>UI</Filter>
    </ClCompile>
    <ClCompile Include="keyboard_texture.cpp">
      <Filter>Texture</Filter>
    </ClCompile>
    <ClCompile Include="pad_texture.cpp">
      <Filter>Texture</Filter>
    </ClCompile>
    <ClCompile Include="jailer_notice.cpp">
      <Filter>Jailer</Filter>
    </ClCompile>
    <ClCompile Include="caveatbar.cpp">
      <Filter>CaveatBar</Filter>
    </ClCompile>
  </ItemGroup>
  <ItemGroup>
    <ClInclude Include="button.h">
      <Filter>Button</Filter>
    </ClInclude>
    <ClInclude Include="button_back_to_title.h">
      <Filter>Button</Filter>
    </ClInclude>
    <ClInclude Include="button_exit.h">
      <Filter>Button</Filter>
    </ClInclude>
    <ClInclude Include="button_guid.h">
      <Filter>Button</Filter>
    </ClInclude>
    <ClInclude Include="button_quit_game.h">
      <Filter>Button</Filter>
    </ClInclude>
    <ClInclude Include="button_ranking.h">
      <Filter>Button</Filter>
    </ClInclude>
    <ClInclude Include="button_start.h">
      <Filter>Button</Filter>
    </ClInclude>
    <ClInclude Include="title_button_manager.h">
      <Filter>Button</Filter>
    </ClInclude>
    <ClInclude Include="pause_button_manager.h">
      <Filter>Button</Filter>
    </ClInclude>
    <ClInclude Include="camera.h">
      <Filter>Camera</Filter>
    </ClInclude>
    <ClInclude Include="camera_game.h">
      <Filter>Camera</Filter>
    </ClInclude>
    <ClInclude Include="Camera_Security.h">
      <Filter>Camera</Filter>
    </ClInclude>
    <ClInclude Include="camera_title.h">
      <Filter>Camera</Filter>
    </ClInclude>
    <ClInclude Include="baton_guid_texture.h">
      <Filter>Texture</Filter>
    </ClInclude>
    <ClInclude Include="baton_texture.h">
      <Filter>Texture</Filter>
    </ClInclude>
    <ClInclude Include="control_room_key_guid_texture.h">
      <Filter>Texture</Filter>
    </ClInclude>
    <ClInclude Include="control_room_key_texture.h">
      <Filter>Texture</Filter>
    </ClInclude>
    <ClInclude Include="electrical_room_key_guid_texture.h">
      <Filter>Texture</Filter>
    </ClInclude>
    <ClInclude Include="item_object.h">
      <Filter>Object</Filter>
    </ClInclude>
    <ClInclude Include="item_object_baton.h">
      <Filter>Object</Filter>
    </ClInclude>
    <ClInclude Include="item_object_control_room_Key.h">
      <Filter>Object</Filter>
    </ClInclude>
    <ClInclude Include="item_object_electrical_room_key.h">
      <Filter>Object</Filter>
    </ClInclude>
    <ClInclude Include="item_object_jailer_room_key.h">
      <Filter>Object</Filter>
    </ClInclude>
    <ClInclude Include="item_object_map.h">
      <Filter>Object</Filter>
    </ClInclude>
    <ClInclude Include="item_object_pc_room_key.h">
      <Filter>Object</Filter>
    </ClInclude>
    <ClInclude Include="item_object_storage_key.h">
      <Filter>Object</Filter>
    </ClInclude>
    <ClInclude Include="jailer.h">
      <Filter>Jailer</Filter>
    </ClInclude>
    <ClInclude Include="jailer_AttackState.h">
      <Filter>Jailer</Filter>
    </ClInclude>
    <ClInclude Include="jailer_LostTargetState.h">
      <Filter>Jailer</Filter>
    </ClInclude>
    <ClInclude Include="jailer_return_routeState.h">
      <Filter>Jailer</Filter>
    </ClInclude>
    <ClInclude Include="jailer_spot.h">
      <Filter>Jailer</Filter>
    </ClInclude>
    <ClInclude Include="jailer_State.h">
      <Filter>Jailer</Filter>
    </ClInclude>
    <ClInclude Include="jailer_view.h">
      <Filter>Jailer</Filter>
    </ClInclude>
    <ClInclude Include="jalier_ChaseState.h">
      <Filter>Jailer</Filter>
    </ClInclude>
    <ClInclude Include="Jalier_MoveState.h">
      <Filter>Jailer</Filter>
    </ClInclude>
    <ClInclude Include="ui_item_guid.h">
      <Filter>UI</Filter>
    </ClInclude>
    <ClInclude Include="ui_item_guid_1p.h">
      <Filter>UI</Filter>
    </ClInclude>
    <ClInclude Include="ui_item_guid_2p.h">
      <Filter>UI</Filter>
    </ClInclude>
    <ClInclude Include="ui_player_item.h">
      <Filter>UI</Filter>
    </ClInclude>
    <ClInclude Include="ui_player1_item.h">
      <Filter>UI</Filter>
    </ClInclude>
    <ClInclude Include="ui_player2_item.h">
      <Filter>UI</Filter>
    </ClInclude>
    <ClInclude Include="game.h">
      <Filter>Mode</Filter>
    </ClInclude>
    <ClInclude Include="object.h">
      <Filter>Object</Filter>
    </ClInclude>
    <ClInclude Include="object_door.h">
      <Filter>Object</Filter>
    </ClInclude>
    <ClInclude Include="object_door_wall.h">
      <Filter>Object</Filter>
    </ClInclude>
    <ClInclude Include="object_iron_window_wall.h">
      <Filter>Object</Filter>
    </ClInclude>
    <ClInclude Include="object_keepout_wall.h">
      <Filter>Object</Filter>
    </ClInclude>
    <ClInclude Include="object_prison_door_left.h">
      <Filter>Object</Filter>
    </ClInclude>
    <ClInclude Include="object_prison_door_right.h">
      <Filter>Object</Filter>
    </ClInclude>
    <ClInclude Include="object_prison_wall.h">
      <Filter>Object</Filter>
    </ClInclude>
    <ClInclude Include="object_switch.h">
      <Filter>Object</Filter>
    </ClInclude>
    <ClInclude Include="object_switch_collision.h">
      <Filter>Object</Filter>
    </ClInclude>
    <ClInclude Include="object_wall.h">
      <Filter>Object</Filter>
    </ClInclude>
    <ClInclude Include="texture.h">
      <Filter>Resource</Filter>
    </ClInclude>
    <ClInclude Include="sound.h">
      <Filter>Resource</Filter>
    </ClInclude>
    <ClInclude Include="xfile.h">
      <Filter>Resource</Filter>
    </ClInclude>
    <ClInclude Include="tutorial.h">
      <Filter>Mode</Filter>
    </ClInclude>
    <ClInclude Include="title.h">
      <Filter>Mode</Filter>
    </ClInclude>
    <ClInclude Include="character_collision_box.h">
      <Filter>Collision</Filter>
    </ClInclude>
    <ClInclude Include="collision.h">
      <Filter>Collision</Filter>
    </ClInclude>
    <ClInclude Include="item_baton.h">
      <Filter>Item</Filter>
    </ClInclude>
    <ClInclude Include="item_control_room_key.h">
      <Filter>Item</Filter>
    </ClInclude>
    <ClInclude Include="item_jailer_room_key.h">
      <Filter>Item</Filter>
    </ClInclude>
    <ClInclude Include="item_map.h">
      <Filter>Item</Filter>
    </ClInclude>
    <ClInclude Include="item_pc_room_key.h">
      <Filter>Item</Filter>
    </ClInclude>
    <ClInclude Include="item_storage_key.h">
      <Filter>Item</Filter>
    </ClInclude>
    <ClInclude Include="ranking.h">
      <Filter>Mode</Filter>
    </ClInclude>
    <ClInclude Include="main.h">
      <Filter>Base</Filter>
    </ClInclude>
    <ClInclude Include="manager.h">
      <Filter>Base</Filter>
    </ClInclude>
    <ClInclude Include="map_guid_texture.h">
      <Filter>Texture</Filter>
    </ClInclude>
    <ClInclude Include="map_ui_texture.h">
      <Filter>Texture</Filter>
    </ClInclude>
    <ClInclude Include="map_texture.h">
      <Filter>Texture</Filter>
    </ClInclude>
    <ClInclude Include="pause_logo_texture.h">
      <Filter>Texture</Filter>
    </ClInclude>
    <ClInclude Include="pc_room_key_guid_texture.h">
      <Filter>Texture</Filter>
    </ClInclude>
    <ClInclude Include="pc_room_key_texture.h">
      <Filter>Texture</Filter>
    </ClInclude>
    <ClInclude Include="storage_key_guid_texture.h">
      <Filter>Texture</Filter>
    </ClInclude>
    <ClInclude Include="storage_key_texture.h">
      <Filter>Texture</Filter>
    </ClInclude>
    <ClInclude Include="control_room_door.h">
      <Filter>Object</Filter>
    </ClInclude>
    <ClInclude Include="control_room_door_collision.h">
      <Filter>Collision</Filter>
    </ClInclude>
    <ClInclude Include="door_collision.h">
      <Filter>Collision</Filter>
    </ClInclude>
    <ClInclude Include="door_wall_collision.h">
      <Filter>Collision</Filter>
    </ClInclude>
    <ClInclude Include="goal_area.h">
      <Filter>Object</Filter>
    </ClInclude>
    <ClInclude Include="mode_base.h">
      <Filter>Mode</Filter>
    </ClInclude>
    <ClInclude Include="mode_ranking.h">
      <Filter>Mode</Filter>
    </ClInclude>
    <ClInclude Include="prison_door_collision.h">
      <Filter>Collision</Filter>
    </ClInclude>
    <ClInclude Include="storage_door_collision.h">
      <Filter>Collision</Filter>
    </ClInclude>
    <ClInclude Include="guards_door_collision.h">
      <Filter>Collision</Filter>
    </ClInclude>
    <ClInclude Include="input.h">
      <Filter>Input</Filter>
    </ClInclude>
    <ClInclude Include="joypad.h">
      <Filter>Input</Filter>
    </ClInclude>
    <ClInclude Include="keyboard.h">
      <Filter>Input</Filter>
    </ClInclude>
    <ClInclude Include="prison_cell_door.h">
      <Filter>Object</Filter>
    </ClInclude>
    <ClInclude Include="resource_manager.h">
      <Filter>Resource</Filter>
    </ClInclude>
    <ClInclude Include="scene.h">
      <Filter>Base</Filter>
    </ClInclude>
    <ClInclude Include="scene_2d.h">
      <Filter>Base</Filter>
    </ClInclude>
    <ClInclude Include="scene_base.h">
      <Filter>Base</Filter>
    </ClInclude>
    <ClInclude Include="scene3d.h">
      <Filter>Base</Filter>
    </ClInclude>
    <ClInclude Include="billboard.h">
      <Filter>Base</Filter>
    </ClInclude>
    <ClInclude Include="fade.h">
      <Filter>Base</Filter>
    </ClInclude>
    <ClInclude Include="library.h">
      <Filter>Base</Filter>
    </ClInclude>
    <ClInclude Include="light.h">
      <Filter>Base</Filter>
    </ClInclude>
    <ClInclude Include="player.h">
      <Filter>Player</Filter>
    </ClInclude>
    <ClInclude Include="player_1.h">
      <Filter>Player</Filter>
    </ClInclude>
    <ClInclude Include="player_2.h">
      <Filter>Player</Filter>
    </ClInclude>
    <ClInclude Include="character.h">
      <Filter>Base</Filter>
    </ClInclude>
    <ClInclude Include="fan3d.h">
      <Filter>Jailer</Filter>
    </ClInclude>
    <ClInclude Include="Guage.h">
      <Filter>Texture</Filter>
    </ClInclude>
    <ClInclude Include="item.h">
      <Filter>Item</Filter>
    </ClInclude>
    <ClInclude Include="lever.h">
      <Filter>Object</Filter>
    </ClInclude>
    <ClInclude Include="lever_body.h">
      <Filter>Object</Filter>
    </ClInclude>
    <ClInclude Include="lever_handle.h">
      <Filter>Object</Filter>
    </ClInclude>
    <ClInclude Include="polygon.h">
      <Filter>Base</Filter>
    </ClInclude>
    <ClInclude Include="renderer.h">
      <Filter>Base</Filter>
    </ClInclude>
    <ClInclude Include="ranking_bg.h">
      <Filter>Mode</Filter>
    </ClInclude>
    <ClInclude Include="result.h">
      <Filter>Mode</Filter>
    </ClInclude>
    <ClInclude Include="model_collision_box.h">
      <Filter>Object</Filter>
    </ClInclude>
    <ClInclude Include="motion.h">
      <Filter>Resource</Filter>
    </ClInclude>
    <ClInclude Include="Movie.h">
      <Filter>Resource</Filter>
    </ClInclude>
    <ClInclude Include="model_anime.h">
      <Filter>Resource</Filter>
    </ClInclude>
    <ClInclude Include="model.h">
      <Filter>Resource</Filter>
    </ClInclude>
    <ClInclude Include="particle.h">
      <Filter>Resource</Filter>
    </ClInclude>
    <ClInclude Include="particle_emitter.h">
      <Filter>Resource</Filter>
    </ClInclude>
    <ClInclude Include="particle_manager.h">
      <Filter>Resource</Filter>
    </ClInclude>
    <ClInclude Include="Timer.h">
      <Filter>Texture</Filter>
    </ClInclude>
    <ClInclude Include="textlog.h">
      <Filter>Texture</Filter>
    </ClInclude>
    <ClInclude Include="logo_title.h">
      <Filter>Texture</Filter>
    </ClInclude>
    <ClInclude Include="Number.h">
      <Filter>Texture</Filter>
    </ClInclude>
    <ClInclude Include="Screenframe.h">
      <Filter>Texture</Filter>
    </ClInclude>
    <ClInclude Include="ui_flame_texture.h">
      <Filter>Texture</Filter>
    </ClInclude>
    <ClInclude Include="select_item_flame.h">
      <Filter>Texture</Filter>
    </ClInclude>
    <ClInclude Include="storage_door.h">
      <Filter>Object</Filter>
    </ClInclude>
    <ClInclude Include="map_spot.h">
      <Filter>Jailer</Filter>
    </ClInclude>
    <ClInclude Include="item_electrical_room_key.h">
      <Filter>Item</Filter>
    </ClInclude>
    <ClInclude Include="electrical_key_texture.h">
      <Filter>Texture</Filter>
    </ClInclude>
    <ClInclude Include="map1_texture.h">
      <Filter>Texture</Filter>
    </ClInclude>
    <ClInclude Include="map2_texture.h">
      <Filter>Texture</Filter>
    </ClInclude>
    <ClInclude Include="guid_bg.h">
      <Filter>Texture</Filter>
    </ClInclude>
    <ClInclude Include="jailer_key_texture.h">
      <Filter>Texture</Filter>
    </ClInclude>
    <ClInclude Include="jailer_key_guid_texture.h">
      <Filter>Texture</Filter>
    </ClInclude>
    <ClInclude Include="jailer_door_collision.h">
      <Filter>Collision</Filter>
    </ClInclude>
    <ClInclude Include="mode_gameover.h">
      <Filter>Mode</Filter>
    </ClInclude>
    <ClInclude Include="bg_pause.h">
      <Filter>Texture</Filter>
    </ClInclude>
    <ClInclude Include="bg_title.h">
      <Filter>Texture</Filter>
    </ClInclude>
    <ClInclude Include="bg_gameover.h">
      <Filter>Texture</Filter>
    </ClInclude>
    <ClInclude Include="duct_collision.h">
      <Filter>duct</Filter>
    </ClInclude>
    <ClInclude Include="object_wood_chair.h">
      <Filter>new map obj</Filter>
    </ClInclude>
    <ClInclude Include="object_wood_desk.h">
      <Filter>new map obj</Filter>
    </ClInclude>
    <ClInclude Include="object_metal_chair.h">
      <Filter>new map obj</Filter>
    </ClInclude>
    <ClInclude Include="object_metal_desk.h">
      <Filter>new map obj</Filter>
    </ClInclude>
    <ClInclude Include="object_wood_box.h">
      <Filter>new map obj</Filter>
    </ClInclude>
    <ClInclude Include="object_table.h">
      <Filter>new map obj</Filter>
    </ClInclude>
    <ClInclude Include="object_generator.h">
      <Filter>new map obj</Filter>
    </ClInclude>
    <ClInclude Include="object_window_wall.h">
      <Filter>new map obj</Filter>
    </ClInclude>
    <ClInclude Include="goal_door.h">
      <Filter>new map obj</Filter>
    </ClInclude>
    <ClInclude Include="camera_room_door.h" />
    <ClInclude Include="camera_room_door_collision.h" />
    <ClInclude Include="electrical_room_door.h" />
    <ClInclude Include="electrical_room_door_collision.h" />
    <ClInclude Include="fog.h" />
    <ClInclude Include="item_spawn.h" />
    <ClInclude Include="map.h" />
    <ClInclude Include="time.h" />
    <ClInclude Include="object_duct_wall.h" />
    <ClInclude Include="obb.h">
      <Filter>Collision</Filter>
    </ClInclude>
    <ClInclude Include="mode_ranking_board.h">
      <Filter>Mode</Filter>
    </ClInclude>
    <ClInclude Include="bg_black_texture.h">
      <Filter>Texture</Filter>
    </ClInclude>
    <ClInclude Include="black_fill_polygon.h">
      <Filter>Object\Map_Floor</Filter>
    </ClInclude>
    <ClInclude Include="floor.h">
      <Filter>Object\Map_Floor</Filter>
    </ClInclude>
    <ClInclude Include="floor2.h">
      <Filter>Object\Map_Floor</Filter>
    </ClInclude>
    <ClInclude Include="floor3.h">
      <Filter>Object\Map_Floor</Filter>
    </ClInclude>
    <ClInclude Include="floor4.h">
      <Filter>Object\Map_Floor</Filter>
    </ClInclude>
    <ClInclude Include="bookbox.h">
      <Filter>new map obj</Filter>
    </ClInclude>
    <ClInclude Include="pc_desk.h">
      <Filter>new map obj</Filter>
    </ClInclude>
    <ClInclude Include="locker.h">
      <Filter>new map obj</Filter>
    </ClInclude>
    <ClInclude Include="mode_clear_time.h">
      <Filter>Mode</Filter>
    </ClInclude>
    <ClInclude Include="clear_time_bg.h">
      <Filter>Mode</Filter>
    </ClInclude>
    <ClInclude Include="caveatbar.h">
      <Filter>CaveatBar</Filter>
    </ClInclude>
    <ClInclude Include="jailer_emotion.h">
      <Filter>Jailer</Filter>
    </ClInclude>
    <ClInclude Include="security_camera_collision.h">
      <Filter>Collision</Filter>
    </ClInclude>
    <ClInclude Include="jailer_door.h">
      <Filter>Jailer</Filter>
    </ClInclude>
    <ClInclude Include="caveatmark.h">
      <Filter>ヘッダー ファイル</Filter>
    </ClInclude>
    <ClInclude Include="lever_manager.h">
      <Filter>new map obj</Filter>
    </ClInclude>
    <ClInclude Include="player_action_ui.h">
      <Filter>UI</Filter>
    </ClInclude>
    <ClInclude Include="keyboard_texture.h">
      <Filter>Texture</Filter>
    </ClInclude>
    <ClInclude Include="pad_texture.h">
      <Filter>Texture</Filter>
    </ClInclude>
    <ClInclude Include="jailer_notice.h">
      <Filter>Jailer</Filter>
    </ClInclude>
    <ClInclude Include="resource_icon.h">
      <Filter>ヘッダー ファイル</Filter>
    </ClInclude>
  </ItemGroup>
  <ItemGroup>
    <ResourceCompile Include="Team_6.rc">
      <Filter>リソース ファイル</Filter>
    </ResourceCompile>
  </ItemGroup>
  <ItemGroup>
    <Image Include="data\Icon\Icon_P.L.ico">
      <Filter>リソース ファイル</Filter>
    </Image>
  </ItemGroup>
</Project>